
Microsoft Visual Studio Solution File, Format Version 12.00
# Visual Studio 15
VisualStudioVersion = 15.0.26228.4
MinimumVisualStudioVersion = 10.0.40219.1
Project("{FAE04EC0-301F-11D3-BF4B-00C04F79EFBC}") = "Regionalism", "Regionalism\Regionalism.csproj", "{61A903B3-4866-4BDB-8BE1-AFBF9974BABD}"
EndProject
Global
	GlobalSection(SolutionConfigurationPlatforms) = preSolution
		Debug|Any CPU = Debug|Any CPU
		Release|Any CPU = Release|Any CPU
	EndGlobalSection
	GlobalSection(ProjectConfigurationPlatforms) = postSolution
		{61A903B3-4866-4BDB-8BE1-AFBF9974BABD}.Debug|Any CPU.ActiveCfg = Debug|Any CPU
		{61A903B3-4866-4BDB-8BE1-AFBF9974BABD}.Debug|Any CPU.Build.0 = Debug|Any CPU
		{61A903B3-4866-4BDB-8BE1-AFBF9974BABD}.Release|Any CPU.ActiveCfg = Release|Any CPU
		{61A903B3-4866-4BDB-8BE1-AFBF9974BABD}.Release|Any CPU.Build.0 = Release|Any CPU
	EndGlobalSection
	GlobalSection(SolutionProperties) = preSolution
		HideSolutionNode = FALSE
	EndGlobalSection
EndGlobal
